{
  "R": {
    "Version": "4.2.2",
    "Repositories": [
      {
        "Name": "CRAN",
        "URL": "https://cran.rstudio.com"
      }
    ]
  },
  "Packages": {
    "foreign": {
      "Package": "foreign",
      "Version": "0.8-83",
      "Source": "Repository",
      "Repository": "CRAN",
      "Hash": "4e43a8846712a6d5991b19b9bd5f9199",
      "Requirements": []
    },
    "nnet": {
      "Package": "nnet",
      "Version": "7.3-18",
      "Source": "Repository",
      "Repository": "CRAN",
      "Hash": "170da2130d5332bea7d6ede01875ba1d",
      "Requirements": []
    },
    "renv": {
      "Package": "renv",
      "Version": "0.16.0",
      "Source": "Repository",
      "Repository": "CRAN",
      "Hash": "c9e8442ab69bc21c9697ecf856c1e6c7",
      "Requirements": []
    }
  }
}
